
Microsoft Visual Studio Solution File, Format Version 12.00
# Visual Studio Version 16
VisualStudioVersion = 16.0.30907.101
MinimumVisualStudioVersion = 10.0.40219.1
Project("{FAE04EC0-301F-11D3-BF4B-00C04F79EFBC}") = "FinalProject4363", "FinalProject4363\FinalProject4363.csproj", "{B74C472C-54CE-4CF3-8566-0195741FB36A}"
EndProject
Global
	GlobalSection(SolutionConfigurationPlatforms) = preSolution
		Debug|Any CPU = Debug|Any CPU
		Release|Any CPU = Release|Any CPU
	EndGlobalSection
	GlobalSection(ProjectConfigurationPlatforms) = postSolution
		{B74C472C-54CE-4CF3-8566-0195741FB36A}.Debug|Any CPU.ActiveCfg = Debug|Any CPU
		{B74C472C-54CE-4CF3-8566-0195741FB36A}.Debug|Any CPU.Build.0 = Debug|Any CPU
		{B74C472C-54CE-4CF3-8566-0195741FB36A}.Release|Any CPU.ActiveCfg = Release|Any CPU
		{B74C472C-54CE-4CF3-8566-0195741FB36A}.Release|Any CPU.Build.0 = Release|Any CPU
	EndGlobalSection
	GlobalSection(SolutionProperties) = preSolution
		HideSolutionNode = FALSE
	EndGlobalSection
	GlobalSection(ExtensibilityGlobals) = postSolution
		SolutionGuid = {23250A65-36D5-41C8-BB71-45D75E648585}
	EndGlobalSection
EndGlobal
